<Solution>
  <Folder Name="/Solution Items/">
    <File Path=".editorconfig" />
    <File Path="README.md" />
  </Folder>
  <Project Path="Aigamo.ResXGenerator.Tests/Aigamo.ResXGenerator.Tests.csproj" />
  <Project Path="Aigamo.ResXGenerator/Aigamo.ResXGenerator.csproj" />
  <Project Path="DemoLocalization/DemoLocalization.csproj" />
</Solution>
